
Microsoft Visual Studio Solution File, Format Version 12.00
# Visual Studio Version 18
VisualStudioVersion = 18.0.11205.157 d18.0
MinimumVisualStudioVersion = 10.0.40219.1
Project("{8BC9CEB8-8B4A-11D0-8D11-00A0C91BC942}") = "MttVDD", "MttVDD\MttVDD.vcxproj", "{2D54CB75-8B17-4F11-97DC-847B0244CD46}"
EndProject
Global
	GlobalSection(SolutionConfigurationPlatforms) = preSolution
		Debug|x64 = Debug|x64
		Release|x64 = Release|x64
	EndGlobalSection
	GlobalSection(ProjectConfigurationPlatforms) = postSolution
		{2D54CB75-8B17-4F11-97DC-847B0244CD46}.Debug|x64.ActiveCfg = Debug|x64
		{2D54CB75-8B17-4F11-97DC-847B0244CD46}.Debug|x64.Build.0 = Debug|x64
		{2D54CB75-8B17-4F11-97DC-847B0244CD46}.Debug|x64.Deploy.0 = Debug|x64
		{2D54CB75-8B17-4F11-97DC-847B0244CD46}.Release|x64.ActiveCfg = Release|x64
		{2D54CB75-8B17-4F11-97DC-847B0244CD46}.Release|x64.Build.0 = Release|x64
		{2D54CB75-8B17-4F11-97DC-847B0244CD46}.Release|x64.Deploy.0 = Release|x64
	EndGlobalSection
	GlobalSection(SolutionProperties) = preSolution
		HideSolutionNode = FALSE
	EndGlobalSection
	GlobalSection(ExtensibilityGlobals) = postSolution
		SolutionGuid = {DE75497E-BE4F-4215-8345-84C5F8358E3B}
	EndGlobalSection
EndGlobal
